{
  "name": "radka-scanner-plus",
  "version": "2.0.0",
  "lockfileVersion": 3,
  "requires": true,
  "packages": {
    "": {
      "name": "radka-scanner-plus",
      "version": "2.0.0",
      "dependencies": {
        "@zxing/browser": "0.1.5",
        "@zxing/library": "0.21.2",
        "react": "18.2.0",
        "react-dom": "18.2.0"
      },
      "devDependencies": {
        "@types/node": "20.11.30",
        "@types/react": "18.2.66",
        "@types/react-dom": "18.2.22",
        "@vitejs/plugin-react": "4.2.1",
        "@vercel/node": "3.2.12",
        "typescript": "5.4.5",
        "vite": "5.2.10"
      }
    }
  },
  "dependencies": {
    "@zxing/browser": "0.1.5",
    "@zxing/library": "0.21.2",
    "react": "18.2.0",
    "react-dom": "18.2.0",
    "@types/node": "20.11.30",
    "@types/react": "18.2.66",
    "@types/react-dom": "18.2.22",
    "@vitejs/plugin-react": "4.2.1",
    "@vercel/node": "3.2.12",
    "typescript": "5.4.5",
    "vite": "5.2.10"
  }
}